// !$*UTF8*$!
{
	archiveVersion = 1;
	classes = {
	};
	objectVersion = 50;
	objects = {

/* Begin PBXBuildFile section */
		223B850E208C7D0E00BCACF3 /* AppDelegate.swift in Sources */ = {isa = PBXBuildFile; fileRef = 223B850D208C7D0E00BCACF3 /* AppDelegate.swift */; };
		223B8513208C7D0E00BCACF3 /* Main.storyboard in Resources */ = {isa = PBXBuildFile; fileRef = 223B8511208C7D0E00BCACF3 /* Main.storyboard */; };
		223B8515208C7D1000BCACF3 /* Assets.xcassets in Resources */ = {isa = PBXBuildFile; fileRef = 223B8514208C7D1000BCACF3 /* Assets.xcassets */; };
		223B8518208C7D1000BCACF3 /* LaunchScreen.storyboard in Resources */ = {isa = PBXBuildFile; fileRef = 223B8516208C7D1000BCACF3 /* LaunchScreen.storyboard */; };
		223B8520208C83B700BCACF3 /* TableauController.swift in Sources */ = {isa = PBXBuildFile; fileRef = 223B851F208C83B700BCACF3 /* TableauController.swift */; };
		223B8522208C864C00BCACF3 /* Chanson.swift in Sources */ = {isa = PBXBuildFile; fileRef = 223B8521208C864C00BCACF3 /* Chanson.swift */; };
		223B8524208C978700BCACF3 /* ChansonCell.swift in Sources */ = {isa = PBXBuildFile; fileRef = 223B8523208C978700BCACF3 /* ChansonCell.swift */; };
		223B8526208CC84D00BCACF3 /* VideoController.swift in Sources */ = {isa = PBXBuildFile; fileRef = 223B8525208CC84D00BCACF3 /* VideoController.swift */; };
/* End PBXBuildFile section */

/* Begin PBXFileReference section */
		223B850A208C7D0E00BCACF3 /* Lecteur YouTube Codabee.app */ = {isa = PBXFileReference; explicitFileType = wrapper.application; includeInIndex = 0; path = "Lecteur YouTube Codabee.app"; sourceTree = BUILT_PRODUCTS_DIR; };
		223B850D208C7D0E00BCACF3 /* AppDelegate.swift */ = {isa = PBXFileReference; lastKnownFileType = sourcecode.swift; path = AppDelegate.swift; sourceTree = "<group>"; };
		223B8512208C7D0E00BCACF3 /* Base */ = {isa = PBXFileReference; lastKnownFileType = file.storyboard; name = Base; path = Base.lproj/Main.storyboard; sourceTree = "<group>"; };
		223B8514208C7D1000BCACF3 /* Assets.xcassets */ = {isa = PBXFileReference; lastKnownFileType = folder.assetcatalog; path = Assets.xcassets; sourceTree = "<group>"; };
		223B8517208C7D1000BCACF3 /* Base */ = {isa = PBXFileReference; lastKnownFileType = file.storyboard; name = Base; path = Base.lproj/LaunchScreen.storyboard; sourceTree = "<group>"; };
		223B8519208C7D1000BCACF3 /* Info.plist */ = {isa = PBXFileReference; lastKnownFileType = text.plist.xml; path = Info.plist; sourceTree = "<group>"; };
		223B851F208C83B700BCACF3 /* TableauController.swift */ = {isa = PBXFileReference; lastKnownFileType = sourcecode.swift; path = TableauController.swift; sourceTree = "<group>"; };
		223B8521208C864C00BCACF3 /* Chanson.swift */ = {isa = PBXFileReference; lastKnownFileType = sourcecode.swift; path = Chanson.swift; sourceTree = "<group>"; };
		223B8523208C978700BCACF3 /* ChansonCell.swift */ = {isa = PBXFileReference; lastKnownFileType = sourcecode.swift; path = ChansonCell.swift; sourceTree = "<group>"; };
		223B8525208CC84D00BCACF3 /* VideoController.swift */ = {isa = PBXFileReference; lastKnownFileType = sourcecode.swift; path = VideoController.swift; sourceTree = "<group>"; };
/* End PBXFileReference section */

/* Begin PBXFrameworksBuildPhase section */
		223B8507208C7D0E00BCACF3 /* Frameworks */ = {
			isa = PBXFrameworksBuildPhase;
			buildActionMask = 2147483647;
			files = (
			);
			runOnlyForDeploymentPostprocessing = 0;
		};
/* End PBXFrameworksBuildPhase section */

/* Begin PBXGroup section */
		223B8501208C7D0E00BCACF3 = {
			isa = PBXGroup;
			children = (
				223B850C208C7D0E00BCACF3 /* Lecteur YouTube Codabee */,
				223B850B208C7D0E00BCACF3 /* Products */,
			);
			sourceTree = "<group>";
		};
		223B850B208C7D0E00BCACF3 /* Products */ = {
			isa = PBXGroup;
			children = (
				223B850A208C7D0E00BCACF3 /* Lecteur YouTube Codabee.app */,
			);
			name = Products;
			sourceTree = "<group>";
		};
		223B850C208C7D0E00BCACF3 /* Lecteur YouTube Codabee */ = {
			isa = PBXGroup;
			children = (
				223B850D208C7D0E00BCACF3 /* AppDelegate.swift */,
				223B8511208C7D0E00BCACF3 /* Main.storyboard */,
				223B8514208C7D1000BCACF3 /* Assets.xcassets */,
				223B8516208C7D1000BCACF3 /* LaunchScreen.storyboard */,
				223B8519208C7D1000BCACF3 /* Info.plist */,
				223B851F208C83B700BCACF3 /* TableauController.swift */,
				223B8521208C864C00BCACF3 /* Chanson.swift */,
				223B8523208C978700BCACF3 /* ChansonCell.swift */,
				223B8525208CC84D00BCACF3 /* VideoController.swift */,
			);
			path = "Lecteur YouTube Codabee";
			sourceTree = "<group>";
		};
/* End PBXGroup section */

/* Begin PBXNativeTarget section */
		223B8509208C7D0E00BCACF3 /* Lecteur YouTube Codabee */ = {
			isa = PBXNativeTarget;
			buildConfigurationList = 223B851C208C7D1000BCACF3 /* Build configuration list for PBXNativeTarget "Lecteur YouTube Codabee" */;
			buildPhases = (
				223B8506208C7D0E00BCACF3 /* Sources */,
				223B8507208C7D0E00BCACF3 /* Frameworks */,
				223B8508208C7D0E00BCACF3 /* Resources */,
			);
			buildRules = (
			);
			dependencies = (
			);
			name = "Lecteur YouTube Codabee";
			productName = "Lecteur YouTube Codabee";
			productReference = 223B850A208C7D0E00BCACF3 /* Lecteur YouTube Codabee.app */;
			productType = "com.apple.product-type.application";
		};
/* End PBXNativeTarget section */

/* Begin PBXProject section */
		223B8502208C7D0E00BCACF3 /* Project object */ = {
			isa = PBXProject;
			attributes = {
				LastSwiftUpdateCheck = 0930;
				LastUpgradeCheck = 0930;
				ORGANIZATIONNAME = Vaahn;
				TargetAttributes = {
					223B8509208C7D0E00BCACF3 = {
						CreatedOnToolsVersion = 9.3;
					};
				};
			};
			buildConfigurationList = 223B8505208C7D0E00BCACF3 /* Build configuration list for PBXProject "Lecteur YouTube Codabee" */;
			compatibilityVersion = "Xcode 9.3";
			developmentRegion = en;
			hasScannedForEncodings = 0;
			knownRegions = (
				en,
				Base,
			);
			mainGroup = 223B8501208C7D0E00BCACF3;
			productRefGroup = 223B850B208C7D0E00BCACF3 /* Products */;
			projectDirPath = "";
			projectRoot = "";
			targets = (
				223B8509208C7D0E00BCACF3 /* Lecteur YouTube Codabee */,
			);
		};
/* End PBXProject section */

/* Begin PBXResourcesBuildPhase section */
		223B8508208C7D0E00BCACF3 /* Resources */ = {
			isa = PBXResourcesBuildPhase;
			buildActionMask = 2147483647;
			files = (
				223B8518208C7D1000BCACF3 /* LaunchScreen.storyboard in Resources */,
				223B8515208C7D1000BCACF3 /* Assets.xcassets in Resources */,
				223B8513208C7D0E00BCACF3 /* Main.storyboard in Resources */,
			);
			runOnlyForDeploymentPostprocessing = 0;
		};
/* End PBXResourcesBuildPhase section */

/* Begin PBXSourcesBuildPhase section */
		223B8506208C7D0E00BCACF3 /* Sources */ = {
			isa = PBXSourcesBuildPhase;
			buildActionMask = 2147483647;
			files = (
				223B8526208CC84D00BCACF3 /* VideoController.swift in Sources */,
				223B8520208C83B700BCACF3 /* TableauController.swift in Sources */,
				223B850E208C7D0E00BCACF3 /* AppDelegate.swift in Sources */,
				223B8524208C978700BCACF3 /* ChansonCell.swift in Sources */,
				223B8522208C864C00BCACF3 /* Chanson.swift in Sources */,
			);
			runOnlyForDeploymentPostprocessing = 0;
		};
/* End PBXSourcesBuildPhase section */

/* Begin PBXVariantGroup section */
		223B8511208C7D0E00BCACF3 /* Main.storyboard */ = {
			isa = PBXVariantGroup;
			children = (
				223B8512208C7D0E00BCACF3 /* Base */,
			);
			name = Main.storyboard;
			sourceTree = "<group>";
		};
		223B8516208C7D1000BCACF3 /* LaunchScreen.storyboard */ = {
			isa = PBXVariantGroup;
			children = (
				223B8517208C7D1000BCACF3 /* Base */,
			);
			name = LaunchScreen.storyboard;
			sourceTree = "<group>";
		};
/* End PBXVariantGroup section */

/* Begin XCBuildConfiguration section */
		223B851A208C7D1000BCACF3 /* Debug */ = {
			isa = XCBuildConfiguration;
			buildSettings = {
				ALWAYS_SEARCH_USER_PATHS = NO;
				CLANG_ANALYZER_NONNULL = YES;
				CLANG_ANALYZER_NUMBER_OBJECT_CONVERSION = YES_AGGRESSIVE;
				CLANG_CXX_LANGUAGE_STANDARD = "gnu++14";
				CLANG_CXX_LIBRARY = "libc++";
				CLANG_ENABLE_MODULES = YES;
				CLANG_ENABLE_OBJC_ARC = YES;
				CLANG_ENABLE_OBJC_WEAK = YES;
				CLANG_WARN_BLOCK_CAPTURE_AUTORELEASING = YES;
				CLANG_WARN_BOOL_CONVERSION = YES;
				CLANG_WARN_COMMA = YES;
				CLANG_WARN_CONSTANT_CONVERSION = YES;
				CLANG_WARN_DEPRECATED_OBJC_IMPLEMENTATIONS = YES;
				CLANG_WARN_DIRECT_OBJC_ISA_USAGE = YES_ERROR;
				CLANG_WARN_DOCUMENTATION_COMMENTS = YES;
				CLANG_WARN_EMPTY_BODY = YES;
				CLANG_WARN_ENUM_CONVERSION = YES;
				CLANG_WARN_INFINITE_RECURSION = YES;
				CLANG_WARN_INT_CONVERSION = YES;
				CLANG_WARN_NON_LITERAL_NULL_CONVERSION = YES;
				CLANG_WARN_OBJC_IMPLICIT_RETAIN_SELF = YES;
				CLANG_WARN_OBJC_LITERAL_CONVERSION = YES;
				CLANG_WARN_OBJC_ROOT_CLASS = YES_ERROR;
				CLANG_WARN_RANGE_LOOP_ANALYSIS = YES;
				CLANG_WARN_STRICT_PROTOTYPES = YES;
				CLANG_WARN_SUSPICIOUS_MOVE = YES;
				CLANG_WARN_UNGUARDED_AVAILABILITY = YES_AGGRESSIVE;
				CLANG_WARN_UNREACHABLE_CODE = YES;
				CLANG_WARN__DUPLICATE_METHOD_MATCH = YES;
				CODE_SIGN_IDENTITY = "iPhone Developer";
				COPY_PHASE_STRIP = NO;
				DEBUG_INFORMATION_FORMAT = dwarf;
				ENABLE_STRICT_OBJC_MSGSEND = YES;
				ENABLE_TESTABILITY = YES;
				GCC_C_LANGUAGE_STANDARD = gnu11;
				GCC_DYNAMIC_NO_PIC = NO;
				GCC_NO_COMMON_BLOCKS = YES;
				GCC_OPTIMIZATION_LEVEL = 0;
				GCC_PREPROCESSOR_DEFINITIONS = (
					"DEBUG=1",
					"$(inherited)",
				);
				GCC_WARN_64_TO_32_BIT_CONVERSION = YES;
				GCC_WARN_ABOUT_RETURN_TYPE = YES_ERROR;
				GCC_WARN_UNDECLARED_SELECTOR = YES;
				GCC_WARN_UNINITIALIZED_AUTOS = YES_AGGRESSIVE;
				GCC_WARN_UNUSED_FUNCTION = YES;
				GCC_WARN_UNUSED_VARIABLE = YES;
				IPHONEOS_DEPLOYMENT_TARGET = 11.3;
				MTL_ENABLE_DEBUG_INFO = YES;
				ONLY_ACTIVE_ARCH = YES;
				SDKROOT = iphoneos;
				SWIFT_ACTIVE_COMPILATION_CONDITIONS = DEBUG;
				SWIFT_OPTIMIZATION_LEVEL = "-Onone";
			};
			name = Debug;
		};
		223B851B208C7D1000BCACF3 /* Release */ = {
			isa = XCBuildConfiguration;
			buildSettings = {
				ALWAYS_SEARCH_USER_PATHS = NO;
				CLANG_ANALYZER_NONNULL = YES;
				CLANG_ANALYZER_NUMBER_OBJECT_CONVERSION = YES_AGGRESSIVE;
				CLANG_CXX_LANGUAGE_STANDARD = "gnu++14";
				CLANG_CXX_LIBRARY = "libc++";
				CLANG_ENABLE_MODULES = YES;
				CLANG_ENABLE_OBJC_ARC = YES;
				CLANG_ENABLE_OBJC_WEAK = YES;
				CLANG_WARN_BLOCK_CAPTURE_AUTORELEASING = YES;
				CLANG_WARN_BOOL_CONVERSION = YES;
				CLANG_WARN_COMMA = YES;
				CLANG_WARN_CONSTANT_CONVERSION = YES;
				CLANG_WARN_DEPRECATED_OBJC_IMPLEMENTATIONS = YES;
				CLANG_WARN_DIRECT_OBJC_ISA_USAGE = YES_ERROR;
				CLANG_WARN_DOCUMENTATION_COMMENTS = YES;
				CLANG_WARN_EMPTY_BODY = YES;
				CLANG_WARN_ENUM_CONVERSION = YES;
				CLANG_WARN_INFINITE_RECURSION = YES;
				CLANG_WARN_INT_CONVERSION = YES;
				CLANG_WARN_NON_LITERAL_NULL_CONVERSION = YES;
				CLANG_WARN_OBJC_IMPLICIT_RETAIN_SELF = YES;
				CLANG_WARN_OBJC_LITERAL_CONVERSION = YES;
				CLANG_WARN_OBJC_ROOT_CLASS = YES_ERROR;
				CLANG_WARN_RANGE_LOOP_ANALYSIS = YES;
				CLANG_WARN_STRICT_PROTOTYPES = YES;
				CLANG_WARN_SUSPICIOUS_MOVE = YES;
				CLANG_WARN_UNGUARDED_AVAILABILITY = YES_AGGRESSIVE;
				CLANG_WARN_UNREACHABLE_CODE = YES;
				CLANG_WARN__DUPLICATE_METHOD_MATCH = YES;
				CODE_SIGN_IDENTITY = "iPhone Developer";
				COPY_PHASE_STRIP = NO;
				DEBUG_INFORMATION_FORMAT = "dwarf-with-dsym";
				ENABLE_NS_ASSERTIONS = NO;
				ENABLE_STRICT_OBJC_MSGSEND = YES;
				GCC_C_LANGUAGE_STANDARD = gnu11;
				GCC_NO_COMMON_BLOCKS = YES;
				GCC_WARN_64_TO_32_BIT_CONVERSION = YES;
				GCC_WARN_ABOUT_RETURN_TYPE = YES_ERROR;
				GCC_WARN_UNDECLARED_SELECTOR = YES;
				GCC_WARN_UNINITIALIZED_AUTOS = YES_AGGRESSIVE;
				GCC_WARN_UNUSED_FUNCTION = YES;
				GCC_WARN_UNUSED_VARIABLE = YES;
				IPHONEOS_DEPLOYMENT_TARGET = 11.3;
				MTL_ENABLE_DEBUG_INFO = NO;
				SDKROOT = iphoneos;
				SWIFT_COMPILATION_MODE = wholemodule;
				SWIFT_OPTIMIZATION_LEVEL = "-O";
				VALIDATE_PRODUCT = YES;
			};
			name = Release;
		};
		223B851D208C7D1000BCACF3 /* Debug */ = {
			isa = XCBuildConfiguration;
			buildSettings = {
				ASSETCATALOG_COMPILER_APPICON_NAME = AppIcon;
				CODE_SIGN_STYLE = Automatic;
				DEVELOPMENT_TEAM = 4KUYYTLNWG;
				INFOPLIST_FILE = "Lecteur YouTube Codabee/Info.plist";
				LD_RUNPATH_SEARCH_PATHS = (
					"$(inherited)",
					"@executable_path/Frameworks",
				);
				PRODUCT_BUNDLE_IDENTIFIER = "me.vaahn.Lecteur-YouTube-Codabee";
				PRODUCT_NAME = "$(TARGET_NAME)";
				SWIFT_VERSION = 4.0;
				TARGETED_DEVICE_FAMILY = "1,2";
			};
			name = Debug;
		};
		223B851E208C7D1000BCACF3 /* Release */ = {
			isa = XCBuildConfiguration;
			buildSettings = {
				ASSETCATALOG_COMPILER_APPICON_NAME = AppIcon;
				CODE_SIGN_STYLE = Automatic;
				DEVELOPMENT_TEAM = 4KUYYTLNWG;
				INFOPLIST_FILE = "Lecteur YouTube Codabee/Info.plist";
				LD_RUNPATH_SEARCH_PATHS = (
					"$(inherited)",
					"@executable_path/Frameworks",
				);
				PRODUCT_BUNDLE_IDENTIFIER = "me.vaahn.Lecteur-YouTube-Codabee";
				PRODUCT_NAME = "$(TARGET_NAME)";
				SWIFT_VERSION = 4.0;
				TARGETED_DEVICE_FAMILY = "1,2";
			};
			name = Release;
		};
/* End XCBuildConfiguration section */

/* Begin XCConfigurationList section */
		223B8505208C7D0E00BCACF3 /* Build configuration list for PBXProject "Lecteur YouTube Codabee" */ = {
			isa = XCConfigurationList;
			buildConfigurations = (
				223B851A208C7D1000BCACF3 /* Debug */,
				223B851B208C7D1000BCACF3 /* Release */,
			);
			defaultConfigurationIsVisible = 0;
			defaultConfigurationName = Release;
		};
		223B851C208C7D1000BCACF3 /* Build configuration list for PBXNativeTarget "Lecteur YouTube Codabee" */ = {
			isa = XCConfigurationList;
			buildConfigurations = (
				223B851D208C7D1000BCACF3 /* Debug */,
				223B851E208C7D1000BCACF3 /* Release */,
			);
			defaultConfigurationIsVisible = 0;
			defaultConfigurationName = Release;
		};
/* End XCConfigurationList section */
	};
	rootObject = 223B8502208C7D0E00BCACF3 /* Project object */;
}
